// !$*UTF8*$!
{
	archiveVersion = 1;
	classes = {
	};
	objectVersion = 46;
	objects = {

/* Begin PBXBuildFile section */
		434AABFC1BCD4EEA00CFD6BC /* main.cpp in Sources */ = {isa = PBXBuildFile; fileRef = 434AABFB1BCD4EEA00CFD6BC /* main.cpp */; };
/* End PBXBuildFile section */

/* Begin PBXCopyFilesBuildPhase section */
		434AABF61BCD4EEA00CFD6BC /* CopyFiles */ = {
			isa = PBXCopyFilesBuildPhase;
			buildActionMask = 2147483647;
			dstPath = /usr/share/man/man1/;
			dstSubfolderSpec = 0;
			files = (
			);
			runOnlyForDeploymentPostprocessing = 1;
		};
/* End PBXCopyFilesBuildPhase section */

/* Begin PBXFileReference section */
		434AABF81BCD4EEA00CFD6BC /* LinkedListAssignment */ = {isa = PBXFileReference; explicitFileType = "compiled.mach-o.executable"; includeInIndex = 0; path = LinkedListAssignment; sourceTree = BUILT_PRODUCTS_DIR; };
		434AABFB1BCD4EEA00CFD6BC /* main.cpp */ = {isa = PBXFileReference; lastKnownFileType = sourcecode.cpp.cpp; path = main.cpp; sourceTree = "<group>"; };
		43ED28301BD08D69005CB467 /* List.h */ = {isa = PBXFileReference; lastKnownFileType = sourcecode.c.h; name = List.h; path = ../List.h; sourceTree = "<group>"; };
/* End PBXFileReference section */

/* Begin PBXFrameworksBuildPhase section */
		434AABF51BCD4EEA00CFD6BC /* Frameworks */ = {
			isa = PBXFrameworksBuildPhase;
			buildActionMask = 2147483647;
			files = (
			);
			runOnlyForDeploymentPostprocessing = 0;
		};
/* End PBXFrameworksBuildPhase section */

/* Begin PBXGroup section */
		434AABEF1BCD4EEA00CFD6BC = {
			isa = PBXGroup;
			children = (
				434AABFA1BCD4EEA00CFD6BC /* LinkedListAssignment */,
				434AABF91BCD4EEA00CFD6BC /* Products */,
			);
			sourceTree = "<group>";
		};
		434AABF91BCD4EEA00CFD6BC /* Products */ = {
			isa = PBXGroup;
			children = (
				434AABF81BCD4EEA00CFD6BC /* LinkedListAssignment */,
			);
			name = Products;
			sourceTree = "<group>";
		};
		434AABFA1BCD4EEA00CFD6BC /* LinkedListAssignment */ = {
			isa = PBXGroup;
			children = (
				43ED28301BD08D69005CB467 /* List.h */,
				434AABFB1BCD4EEA00CFD6BC /* main.cpp */,
			);
			path = LinkedListAssignment;
			sourceTree = "<group>";
		};
/* End PBXGroup section */

/* Begin PBXNativeTarget section */
		434AABF71BCD4EEA00CFD6BC /* LinkedListAssignment */ = {
			isa = PBXNativeTarget;
			buildConfigurationList = 434AABFF1BCD4EEA00CFD6BC /* Build configuration list for PBXNativeTarget "LinkedListAssignment" */;
			buildPhases = (
				434AABF41BCD4EEA00CFD6BC /* Sources */,
				434AABF51BCD4EEA00CFD6BC /* Frameworks */,
				434AABF61BCD4EEA00CFD6BC /* CopyFiles */,
			);
			buildRules = (
			);
			dependencies = (
			);
			name = LinkedListAssignment;
			productName = LinkedListAssignment;
			productReference = 434AABF81BCD4EEA00CFD6BC /* LinkedListAssignment */;
			productType = "com.apple.product-type.tool";
		};
/* End PBXNativeTarget section */

/* Begin PBXProject section */
		434AABF01BCD4EEA00CFD6BC /* Project object */ = {
			isa = PBXProject;
			attributes = {
				LastUpgradeCheck = 0630;
				ORGANIZATIONNAME = "Michael Pszonka";
				TargetAttributes = {
					434AABF71BCD4EEA00CFD6BC = {
						CreatedOnToolsVersion = 6.3;
					};
				};
			};
			buildConfigurationList = 434AABF31BCD4EEA00CFD6BC /* Build configuration list for PBXProject "LinkedListAssignment" */;
			compatibilityVersion = "Xcode 3.2";
			developmentRegion = English;
			hasScannedForEncodings = 0;
			knownRegions = (
				en,
			);
			mainGroup = 434AABEF1BCD4EEA00CFD6BC;
			productRefGroup = 434AABF91BCD4EEA00CFD6BC /* Products */;
			projectDirPath = "";
			projectRoot = "";
			targets = (
				434AABF71BCD4EEA00CFD6BC /* LinkedListAssignment */,
			);
		};
/* End PBXProject section */

/* Begin PBXSourcesBuildPhase section */
		434AABF41BCD4EEA00CFD6BC /* Sources */ = {
			isa = PBXSourcesBuildPhase;
			buildActionMask = 2147483647;
			files = (
				434AABFC1BCD4EEA00CFD6BC /* main.cpp in Sources */,
			);
			runOnlyForDeploymentPostprocessing = 0;
		};
/* End PBXSourcesBuildPhase section */

/* Begin XCBuildConfiguration section */
		434AABFD1BCD4EEA00CFD6BC /* Debug */ = {
			isa = XCBuildConfiguration;
			buildSettings = {
				ALWAYS_SEARCH_USER_PATHS = NO;
				CLANG_CXX_LANGUAGE_STANDARD = "gnu++0x";
				CLANG_CXX_LIBRARY = "libc++";
				CLANG_ENABLE_MODULES = YES;
				CLANG_ENABLE_OBJC_ARC = YES;
				CLANG_WARN_BOOL_CONVERSION = YES;
				CLANG_WARN_CONSTANT_CONVERSION = YES;
				CLANG_WARN_DIRECT_OBJC_ISA_USAGE = YES_ERROR;
				CLANG_WARN_EMPTY_BODY = YES;
				CLANG_WARN_ENUM_CONVERSION = YES;
				CLANG_WARN_INT_CONVERSION = YES;
				CLANG_WARN_OBJC_ROOT_CLASS = YES_ERROR;
				CLANG_WARN_UNREACHABLE_CODE = YES;
				CLANG_WARN__DUPLICATE_METHOD_MATCH = YES;
				COPY_PHASE_STRIP = NO;
				DEBUG_INFORMATION_FORMAT = dwarf;
				ENABLE_STRICT_OBJC_MSGSEND = YES;
				GCC_C_LANGUAGE_STANDARD = gnu99;
				GCC_DYNAMIC_NO_PIC = NO;
				GCC_NO_COMMON_BLOCKS = YES;
				GCC_OPTIMIZATION_LEVEL = 0;
				GCC_PREPROCESSOR_DEFINITIONS = (
					"DEBUG=1",
					"$(inherited)",
				);
				GCC_SYMBOLS_PRIVATE_EXTERN = NO;
				GCC_WARN_64_TO_32_BIT_CONVERSION = YES;
				GCC_WARN_ABOUT_RETURN_TYPE = YES_ERROR;
				GCC_WARN_UNDECLARED_SELECTOR = YES;
				GCC_WARN_UNINITIALIZED_AUTOS = YES_AGGRESSIVE;
				GCC_WARN_UNUSED_FUNCTION = YES;
				GCC_WARN_UNUSED_VARIABLE = YES;
				MACOSX_DEPLOYMENT_TARGET = 10.10;
				MTL_ENABLE_DEBUG_INFO = YES;
				ONLY_ACTIVE_ARCH = YES;
				SDKROOT = macosx;
			};
			name = Debug;
		};
		434AABFE1BCD4EEA00CFD6BC /* Release */ = {
			isa = XCBuildConfiguration;
			buildSettings = {
				ALWAYS_SEARCH_USER_PATHS = NO;
				CLANG_CXX_LANGUAGE_STANDARD = "gnu++0x";
				CLANG_CXX_LIBRARY = "libc++";
				CLANG_ENABLE_MODULES = YES;
				CLANG_ENABLE_OBJC_ARC = YES;
				CLANG_WARN_BOOL_CONVERSION = YES;
				CLANG_WARN_CONSTANT_CONVERSION = YES;
				CLANG_WARN_DIRECT_OBJC_ISA_USAGE = YES_ERROR;
				CLANG_WARN_EMPTY_BODY = YES;
				CLANG_WARN_ENUM_CONVERSION = YES;
				CLANG_WARN_INT_CONVERSION = YES;
				CLANG_WARN_OBJC_ROOT_CLASS = YES_ERROR;
				CLANG_WARN_UNREACHABLE_CODE = YES;
				CLANG_WARN__DUPLICATE_METHOD_MATCH = YES;
				COPY_PHASE_STRIP = NO;
				DEBUG_INFORMATION_FORMAT = "dwarf-with-dsym";
				ENABLE_NS_ASSERTIONS = NO;
				ENABLE_STRICT_OBJC_MSGSEND = YES;
				GCC_C_LANGUAGE_STANDARD = gnu99;
				GCC_NO_COMMON_BLOCKS = YES;
				GCC_WARN_64_TO_32_BIT_CONVERSION = YES;
				GCC_WARN_ABOUT_RETURN_TYPE = YES_ERROR;
				GCC_WARN_UNDECLARED_SELECTOR = YES;
				GCC_WARN_UNINITIALIZED_AUTOS = YES_AGGRESSIVE;
				GCC_WARN_UNUSED_FUNCTION = YES;
				GCC_WARN_UNUSED_VARIABLE = YES;
				MACOSX_DEPLOYMENT_TARGET = 10.10;
				MTL_ENABLE_DEBUG_INFO = NO;
				SDKROOT = macosx;
			};
			name = Release;
		};
		434AAC001BCD4EEA00CFD6BC /* Debug */ = {
			isa = XCBuildConfiguration;
			buildSettings = {
				PRODUCT_NAME = "$(TARGET_NAME)";
			};
			name = Debug;
		};
		434AAC011BCD4EEA00CFD6BC /* Release */ = {
			isa = XCBuildConfiguration;
			buildSettings = {
				PRODUCT_NAME = "$(TARGET_NAME)";
			};
			name = Release;
		};
/* End XCBuildConfiguration section */

/* Begin XCConfigurationList section */
		434AABF31BCD4EEA00CFD6BC /* Build configuration list for PBXProject "LinkedListAssignment" */ = {
			isa = XCConfigurationList;
			buildConfigurations = (
				434AABFD1BCD4EEA00CFD6BC /* Debug */,
				434AABFE1BCD4EEA00CFD6BC /* Release */,
			);
			defaultConfigurationIsVisible = 0;
			defaultConfigurationName = Release;
		};
		434AABFF1BCD4EEA00CFD6BC /* Build configuration list for PBXNativeTarget "LinkedListAssignment" */ = {
			isa = XCConfigurationList;
			buildConfigurations = (
				434AAC001BCD4EEA00CFD6BC /* Debug */,
				434AAC011BCD4EEA00CFD6BC /* Release */,
			);
			defaultConfigurationIsVisible = 0;
			defaultConfigurationName = Release;
		};
/* End XCConfigurationList section */
	};
	rootObject = 434AABF01BCD4EEA00CFD6BC /* Project object */;
}
